// !$*UTF8*$!
{
	archiveVersion = 1;
	classes = {
	};
	objectVersion = 48;
	objects = {

/* Begin PBXBuildFile section */
		59761EA42064EBCA0067964D /* CollectionViewCell.swift in Sources */ = {isa = PBXBuildFile; fileRef = 59761EA32064EBCA0067964D /* CollectionViewCell.swift */; };
		59B937B2206B4C8C0076D56D /* RankingGatewayProtocol.swift in Sources */ = {isa = PBXBuildFile; fileRef = 59B937B1206B4C8C0076D56D /* RankingGatewayProtocol.swift */; };
		59B937B4206B4DDF0076D56D /* JsonObject.swift in Sources */ = {isa = PBXBuildFile; fileRef = 59B937B3206B4DDF0076D56D /* JsonObject.swift */; };
		59B937B6206B4E580076D56D /* RankingGateway.swift in Sources */ = {isa = PBXBuildFile; fileRef = 59B937B5206B4E580076D56D /* RankingGateway.swift */; };
		59B937B8206B4ECA0076D56D /* RankingManager.swift in Sources */ = {isa = PBXBuildFile; fileRef = 59B937B7206B4ECA0076D56D /* RankingManager.swift */; };
		59D6F97B20625FFC00FA3105 /* MainTableViewCell.swift in Sources */ = {isa = PBXBuildFile; fileRef = 59D6F97A20625FFC00FA3105 /* MainTableViewCell.swift */; };
		59E646FB20561A7700EFD54C /* AppDelegate.swift in Sources */ = {isa = PBXBuildFile; fileRef = 59E646FA20561A7700EFD54C /* AppDelegate.swift */; };
		59E646FD20561A7700EFD54C /* ViewController.swift in Sources */ = {isa = PBXBuildFile; fileRef = 59E646FC20561A7700EFD54C /* ViewController.swift */; };
		59E6470020561A7700EFD54C /* Main.storyboard in Resources */ = {isa = PBXBuildFile; fileRef = 59E646FE20561A7700EFD54C /* Main.storyboard */; };
		59E6470220561A7700EFD54C /* Assets.xcassets in Resources */ = {isa = PBXBuildFile; fileRef = 59E6470120561A7700EFD54C /* Assets.xcassets */; };
		59E6470520561A7700EFD54C /* LaunchScreen.storyboard in Resources */ = {isa = PBXBuildFile; fileRef = 59E6470320561A7700EFD54C /* LaunchScreen.storyboard */; };
		59E6471020561A7700EFD54C /* RakutenRankingTests.swift in Sources */ = {isa = PBXBuildFile; fileRef = 59E6470F20561A7700EFD54C /* RakutenRankingTests.swift */; };
		59F66C75206354AE00A86F41 /* ConfigViewController.swift in Sources */ = {isa = PBXBuildFile; fileRef = 59F66C74206354AE00A86F41 /* ConfigViewController.swift */; };
		59F66C7720636ABE00A86F41 /* MenuViewController.swift in Sources */ = {isa = PBXBuildFile; fileRef = 59F66C7620636ABE00A86F41 /* MenuViewController.swift */; };
		59F66C7920638B4900A86F41 /* MenuTableViewCell.swift in Sources */ = {isa = PBXBuildFile; fileRef = 59F66C7820638B4900A86F41 /* MenuTableViewCell.swift */; };
		59F66C7B20639F5500A86F41 /* FavoriteViewController.swift in Sources */ = {isa = PBXBuildFile; fileRef = 59F66C7A20639F5500A86F41 /* FavoriteViewController.swift */; };
		59F66C7D2063A47D00A86F41 /* FavoriteTableViewCell.swift in Sources */ = {isa = PBXBuildFile; fileRef = 59F66C7C2063A47D00A86F41 /* FavoriteTableViewCell.swift */; };
		59F66C7F2063AD3700A86F41 /* WebViewController.swift in Sources */ = {isa = PBXBuildFile; fileRef = 59F66C7E2063AD3700A86F41 /* WebViewController.swift */; };
/* End PBXBuildFile section */

/* Begin PBXContainerItemProxy section */
		59E6470C20561A7700EFD54C /* PBXContainerItemProxy */ = {
			isa = PBXContainerItemProxy;
			containerPortal = 59E646EF20561A7700EFD54C /* Project object */;
			proxyType = 1;
			remoteGlobalIDString = 59E646F620561A7700EFD54C;
			remoteInfo = RakutenRanking;
		};
/* End PBXContainerItemProxy section */

/* Begin PBXFileReference section */
		59761EA32064EBCA0067964D /* CollectionViewCell.swift */ = {isa = PBXFileReference; lastKnownFileType = sourcecode.swift; path = CollectionViewCell.swift; sourceTree = "<group>"; };
		59B937B1206B4C8C0076D56D /* RankingGatewayProtocol.swift */ = {isa = PBXFileReference; lastKnownFileType = sourcecode.swift; path = RankingGatewayProtocol.swift; sourceTree = "<group>"; };
		59B937B3206B4DDF0076D56D /* JsonObject.swift */ = {isa = PBXFileReference; lastKnownFileType = sourcecode.swift; path = JsonObject.swift; sourceTree = "<group>"; };
		59B937B5206B4E580076D56D /* RankingGateway.swift */ = {isa = PBXFileReference; lastKnownFileType = sourcecode.swift; path = RankingGateway.swift; sourceTree = "<group>"; };
		59B937B7206B4ECA0076D56D /* RankingManager.swift */ = {isa = PBXFileReference; lastKnownFileType = sourcecode.swift; path = RankingManager.swift; sourceTree = "<group>"; };
		59D6F97A20625FFC00FA3105 /* MainTableViewCell.swift */ = {isa = PBXFileReference; lastKnownFileType = sourcecode.swift; path = MainTableViewCell.swift; sourceTree = "<group>"; };
		59E646F720561A7700EFD54C /* RakutenRanking.app */ = {isa = PBXFileReference; explicitFileType = wrapper.application; includeInIndex = 0; path = RakutenRanking.app; sourceTree = BUILT_PRODUCTS_DIR; };
		59E646FA20561A7700EFD54C /* AppDelegate.swift */ = {isa = PBXFileReference; lastKnownFileType = sourcecode.swift; path = AppDelegate.swift; sourceTree = "<group>"; };
		59E646FC20561A7700EFD54C /* ViewController.swift */ = {isa = PBXFileReference; lastKnownFileType = sourcecode.swift; path = ViewController.swift; sourceTree = "<group>"; };
		59E646FF20561A7700EFD54C /* Base */ = {isa = PBXFileReference; lastKnownFileType = file.storyboard; name = Base; path = Base.lproj/Main.storyboard; sourceTree = "<group>"; };
		59E6470120561A7700EFD54C /* Assets.xcassets */ = {isa = PBXFileReference; lastKnownFileType = folder.assetcatalog; path = Assets.xcassets; sourceTree = "<group>"; };
		59E6470420561A7700EFD54C /* Base */ = {isa = PBXFileReference; lastKnownFileType = file.storyboard; name = Base; path = Base.lproj/LaunchScreen.storyboard; sourceTree = "<group>"; };
		59E6470620561A7700EFD54C /* Info.plist */ = {isa = PBXFileReference; lastKnownFileType = text.plist.xml; path = Info.plist; sourceTree = "<group>"; };
		59E6470B20561A7700EFD54C /* RakutenRankingTests.xctest */ = {isa = PBXFileReference; explicitFileType = wrapper.cfbundle; includeInIndex = 0; path = RakutenRankingTests.xctest; sourceTree = BUILT_PRODUCTS_DIR; };
		59E6470F20561A7700EFD54C /* RakutenRankingTests.swift */ = {isa = PBXFileReference; lastKnownFileType = sourcecode.swift; path = RakutenRankingTests.swift; sourceTree = "<group>"; };
		59E6471120561A7700EFD54C /* Info.plist */ = {isa = PBXFileReference; lastKnownFileType = text.plist.xml; path = Info.plist; sourceTree = "<group>"; };
		59F66C74206354AE00A86F41 /* ConfigViewController.swift */ = {isa = PBXFileReference; lastKnownFileType = sourcecode.swift; path = ConfigViewController.swift; sourceTree = "<group>"; };
		59F66C7620636ABE00A86F41 /* MenuViewController.swift */ = {isa = PBXFileReference; lastKnownFileType = sourcecode.swift; path = MenuViewController.swift; sourceTree = "<group>"; };
		59F66C7820638B4900A86F41 /* MenuTableViewCell.swift */ = {isa = PBXFileReference; lastKnownFileType = sourcecode.swift; path = MenuTableViewCell.swift; sourceTree = "<group>"; };
		59F66C7A20639F5500A86F41 /* FavoriteViewController.swift */ = {isa = PBXFileReference; lastKnownFileType = sourcecode.swift; path = FavoriteViewController.swift; sourceTree = "<group>"; };
		59F66C7C2063A47D00A86F41 /* FavoriteTableViewCell.swift */ = {isa = PBXFileReference; lastKnownFileType = sourcecode.swift; path = FavoriteTableViewCell.swift; sourceTree = "<group>"; };
		59F66C7E2063AD3700A86F41 /* WebViewController.swift */ = {isa = PBXFileReference; lastKnownFileType = sourcecode.swift; path = WebViewController.swift; sourceTree = "<group>"; };
/* End PBXFileReference section */

/* Begin PBXFrameworksBuildPhase section */
		59E646F420561A7700EFD54C /* Frameworks */ = {
			isa = PBXFrameworksBuildPhase;
			buildActionMask = 2147483647;
			files = (
			);
			runOnlyForDeploymentPostprocessing = 0;
		};
		59E6470820561A7700EFD54C /* Frameworks */ = {
			isa = PBXFrameworksBuildPhase;
			buildActionMask = 2147483647;
			files = (
			);
			runOnlyForDeploymentPostprocessing = 0;
		};
/* End PBXFrameworksBuildPhase section */

/* Begin PBXGroup section */
		59E646EE20561A7700EFD54C = {
			isa = PBXGroup;
			children = (
				59E646F920561A7700EFD54C /* RakutenRanking */,
				59E6470E20561A7700EFD54C /* RakutenRankingTests */,
				59E646F820561A7700EFD54C /* Products */,
			);
			sourceTree = "<group>";
		};
		59E646F820561A7700EFD54C /* Products */ = {
			isa = PBXGroup;
			children = (
				59E646F720561A7700EFD54C /* RakutenRanking.app */,
				59E6470B20561A7700EFD54C /* RakutenRankingTests.xctest */,
			);
			name = Products;
			sourceTree = "<group>";
		};
		59E646F920561A7700EFD54C /* RakutenRanking */ = {
			isa = PBXGroup;
			children = (
				59E646FC20561A7700EFD54C /* ViewController.swift */,
				59D6F97A20625FFC00FA3105 /* MainTableViewCell.swift */,
				59761EA32064EBCA0067964D /* CollectionViewCell.swift */,
				59F66C7620636ABE00A86F41 /* MenuViewController.swift */,
				59F66C7820638B4900A86F41 /* MenuTableViewCell.swift */,
				59F66C74206354AE00A86F41 /* ConfigViewController.swift */,
				59F66C7A20639F5500A86F41 /* FavoriteViewController.swift */,
				59F66C7C2063A47D00A86F41 /* FavoriteTableViewCell.swift */,
				59F66C7E2063AD3700A86F41 /* WebViewController.swift */,
				59E646FA20561A7700EFD54C /* AppDelegate.swift */,
				59E646FE20561A7700EFD54C /* Main.storyboard */,
				59E6470120561A7700EFD54C /* Assets.xcassets */,
				59E6470320561A7700EFD54C /* LaunchScreen.storyboard */,
				59E6470620561A7700EFD54C /* Info.plist */,
				59B937B1206B4C8C0076D56D /* RankingGatewayProtocol.swift */,
				59B937B3206B4DDF0076D56D /* JsonObject.swift */,
				59B937B5206B4E580076D56D /* RankingGateway.swift */,
				59B937B7206B4ECA0076D56D /* RankingManager.swift */,
			);
			path = RakutenRanking;
			sourceTree = "<group>";
		};
		59E6470E20561A7700EFD54C /* RakutenRankingTests */ = {
			isa = PBXGroup;
			children = (
				59E6470F20561A7700EFD54C /* RakutenRankingTests.swift */,
				59E6471120561A7700EFD54C /* Info.plist */,
			);
			path = RakutenRankingTests;
			sourceTree = "<group>";
		};
/* End PBXGroup section */

/* Begin PBXNativeTarget section */
		59E646F620561A7700EFD54C /* RakutenRanking */ = {
			isa = PBXNativeTarget;
			buildConfigurationList = 59E6471420561A7700EFD54C /* Build configuration list for PBXNativeTarget "RakutenRanking" */;
			buildPhases = (
				59E646F320561A7700EFD54C /* Sources */,
				59E646F420561A7700EFD54C /* Frameworks */,
				59E646F520561A7700EFD54C /* Resources */,
			);
			buildRules = (
			);
			dependencies = (
			);
			name = RakutenRanking;
			productName = RakutenRanking;
			productReference = 59E646F720561A7700EFD54C /* RakutenRanking.app */;
			productType = "com.apple.product-type.application";
		};
		59E6470A20561A7700EFD54C /* RakutenRankingTests */ = {
			isa = PBXNativeTarget;
			buildConfigurationList = 59E6471720561A7700EFD54C /* Build configuration list for PBXNativeTarget "RakutenRankingTests" */;
			buildPhases = (
				59E6470720561A7700EFD54C /* Sources */,
				59E6470820561A7700EFD54C /* Frameworks */,
				59E6470920561A7700EFD54C /* Resources */,
			);
			buildRules = (
			);
			dependencies = (
				59E6470D20561A7700EFD54C /* PBXTargetDependency */,
			);
			name = RakutenRankingTests;
			productName = RakutenRankingTests;
			productReference = 59E6470B20561A7700EFD54C /* RakutenRankingTests.xctest */;
			productType = "com.apple.product-type.bundle.unit-test";
		};
/* End PBXNativeTarget section */

/* Begin PBXProject section */
		59E646EF20561A7700EFD54C /* Project object */ = {
			isa = PBXProject;
			attributes = {
				LastSwiftUpdateCheck = 0920;
				LastUpgradeCheck = 0920;
				ORGANIZATIONNAME = "mao takagai";
				TargetAttributes = {
					59E646F620561A7700EFD54C = {
						CreatedOnToolsVersion = 9.2;
						ProvisioningStyle = Automatic;
					};
					59E6470A20561A7700EFD54C = {
						CreatedOnToolsVersion = 9.2;
						ProvisioningStyle = Automatic;
						TestTargetID = 59E646F620561A7700EFD54C;
					};
				};
			};
			buildConfigurationList = 59E646F220561A7700EFD54C /* Build configuration list for PBXProject "RakutenRanking" */;
			compatibilityVersion = "Xcode 8.0";
			developmentRegion = en;
			hasScannedForEncodings = 0;
			knownRegions = (
				en,
				Base,
			);
			mainGroup = 59E646EE20561A7700EFD54C;
			productRefGroup = 59E646F820561A7700EFD54C /* Products */;
			projectDirPath = "";
			projectRoot = "";
			targets = (
				59E646F620561A7700EFD54C /* RakutenRanking */,
				59E6470A20561A7700EFD54C /* RakutenRankingTests */,
			);
		};
/* End PBXProject section */

/* Begin PBXResourcesBuildPhase section */
		59E646F520561A7700EFD54C /* Resources */ = {
			isa = PBXResourcesBuildPhase;
			buildActionMask = 2147483647;
			files = (
				59E6470520561A7700EFD54C /* LaunchScreen.storyboard in Resources */,
				59E6470220561A7700EFD54C /* Assets.xcassets in Resources */,
				59E6470020561A7700EFD54C /* Main.storyboard in Resources */,
			);
			runOnlyForDeploymentPostprocessing = 0;
		};
		59E6470920561A7700EFD54C /* Resources */ = {
			isa = PBXResourcesBuildPhase;
			buildActionMask = 2147483647;
			files = (
			);
			runOnlyForDeploymentPostprocessing = 0;
		};
/* End PBXResourcesBuildPhase section */

/* Begin PBXSourcesBuildPhase section */
		59E646F320561A7700EFD54C /* Sources */ = {
			isa = PBXSourcesBuildPhase;
			buildActionMask = 2147483647;
			files = (
				59B937B4206B4DDF0076D56D /* JsonObject.swift in Sources */,
				59B937B2206B4C8C0076D56D /* RankingGatewayProtocol.swift in Sources */,
				59761EA42064EBCA0067964D /* CollectionViewCell.swift in Sources */,
				59F66C7B20639F5500A86F41 /* FavoriteViewController.swift in Sources */,
				59F66C7F2063AD3700A86F41 /* WebViewController.swift in Sources */,
				59F66C7D2063A47D00A86F41 /* FavoriteTableViewCell.swift in Sources */,
				59B937B8206B4ECA0076D56D /* RankingManager.swift in Sources */,
				59E646FD20561A7700EFD54C /* ViewController.swift in Sources */,
				59F66C7720636ABE00A86F41 /* MenuViewController.swift in Sources */,
				59F66C7920638B4900A86F41 /* MenuTableViewCell.swift in Sources */,
				59D6F97B20625FFC00FA3105 /* MainTableViewCell.swift in Sources */,
				59F66C75206354AE00A86F41 /* ConfigViewController.swift in Sources */,
				59B937B6206B4E580076D56D /* RankingGateway.swift in Sources */,
				59E646FB20561A7700EFD54C /* AppDelegate.swift in Sources */,
			);
			runOnlyForDeploymentPostprocessing = 0;
		};
		59E6470720561A7700EFD54C /* Sources */ = {
			isa = PBXSourcesBuildPhase;
			buildActionMask = 2147483647;
			files = (
				59E6471020561A7700EFD54C /* RakutenRankingTests.swift in Sources */,
			);
			runOnlyForDeploymentPostprocessing = 0;
		};
/* End PBXSourcesBuildPhase section */

/* Begin PBXTargetDependency section */
		59E6470D20561A7700EFD54C /* PBXTargetDependency */ = {
			isa = PBXTargetDependency;
			target = 59E646F620561A7700EFD54C /* RakutenRanking */;
			targetProxy = 59E6470C20561A7700EFD54C /* PBXContainerItemProxy */;
		};
/* End PBXTargetDependency section */

/* Begin PBXVariantGroup section */
		59E646FE20561A7700EFD54C /* Main.storyboard */ = {
			isa = PBXVariantGroup;
			children = (
				59E646FF20561A7700EFD54C /* Base */,
			);
			name = Main.storyboard;
			sourceTree = "<group>";
		};
		59E6470320561A7700EFD54C /* LaunchScreen.storyboard */ = {
			isa = PBXVariantGroup;
			children = (
				59E6470420561A7700EFD54C /* Base */,
			);
			name = LaunchScreen.storyboard;
			sourceTree = "<group>";
		};
/* End PBXVariantGroup section */

/* Begin XCBuildConfiguration section */
		59E6471220561A7700EFD54C /* Debug */ = {
			isa = XCBuildConfiguration;
			buildSettings = {
				ALWAYS_SEARCH_USER_PATHS = NO;
				CLANG_ANALYZER_NONNULL = YES;
				CLANG_ANALYZER_NUMBER_OBJECT_CONVERSION = YES_AGGRESSIVE;
				CLANG_CXX_LANGUAGE_STANDARD = "gnu++14";
				CLANG_CXX_LIBRARY = "libc++";
				CLANG_ENABLE_MODULES = YES;
				CLANG_ENABLE_OBJC_ARC = YES;
				CLANG_WARN_BLOCK_CAPTURE_AUTORELEASING = YES;
				CLANG_WARN_BOOL_CONVERSION = YES;
				CLANG_WARN_COMMA = YES;
				CLANG_WARN_CONSTANT_CONVERSION = YES;
				CLANG_WARN_DIRECT_OBJC_ISA_USAGE = YES_ERROR;
				CLANG_WARN_DOCUMENTATION_COMMENTS = YES;
				CLANG_WARN_EMPTY_BODY = YES;
				CLANG_WARN_ENUM_CONVERSION = YES;
				CLANG_WARN_INFINITE_RECURSION = YES;
				CLANG_WARN_INT_CONVERSION = YES;
				CLANG_WARN_NON_LITERAL_NULL_CONVERSION = YES;
				CLANG_WARN_OBJC_LITERAL_CONVERSION = YES;
				CLANG_WARN_OBJC_ROOT_CLASS = YES_ERROR;
				CLANG_WARN_RANGE_LOOP_ANALYSIS = YES;
				CLANG_WARN_STRICT_PROTOTYPES = YES;
				CLANG_WARN_SUSPICIOUS_MOVE = YES;
				CLANG_WARN_UNGUARDED_AVAILABILITY = YES_AGGRESSIVE;
				CLANG_WARN_UNREACHABLE_CODE = YES;
				CLANG_WARN__DUPLICATE_METHOD_MATCH = YES;
				CODE_SIGN_IDENTITY = "iPhone Developer";
				COPY_PHASE_STRIP = NO;
				DEBUG_INFORMATION_FORMAT = dwarf;
				ENABLE_STRICT_OBJC_MSGSEND = YES;
				ENABLE_TESTABILITY = YES;
				GCC_C_LANGUAGE_STANDARD = gnu11;
				GCC_DYNAMIC_NO_PIC = NO;
				GCC_NO_COMMON_BLOCKS = YES;
				GCC_OPTIMIZATION_LEVEL = 0;
				GCC_PREPROCESSOR_DEFINITIONS = (
					"DEBUG=1",
					"$(inherited)",
				);
				GCC_WARN_64_TO_32_BIT_CONVERSION = YES;
				GCC_WARN_ABOUT_RETURN_TYPE = YES_ERROR;
				GCC_WARN_UNDECLARED_SELECTOR = YES;
				GCC_WARN_UNINITIALIZED_AUTOS = YES_AGGRESSIVE;
				GCC_WARN_UNUSED_FUNCTION = YES;
				GCC_WARN_UNUSED_VARIABLE = YES;
				IPHONEOS_DEPLOYMENT_TARGET = 11.2;
				MTL_ENABLE_DEBUG_INFO = YES;
				ONLY_ACTIVE_ARCH = YES;
				SDKROOT = iphoneos;
				SWIFT_ACTIVE_COMPILATION_CONDITIONS = DEBUG;
				SWIFT_OPTIMIZATION_LEVEL = "-Onone";
			};
			name = Debug;
		};
		59E6471320561A7700EFD54C /* Release */ = {
			isa = XCBuildConfiguration;
			buildSettings = {
				ALWAYS_SEARCH_USER_PATHS = NO;
				CLANG_ANALYZER_NONNULL = YES;
				CLANG_ANALYZER_NUMBER_OBJECT_CONVERSION = YES_AGGRESSIVE;
				CLANG_CXX_LANGUAGE_STANDARD = "gnu++14";
				CLANG_CXX_LIBRARY = "libc++";
				CLANG_ENABLE_MODULES = YES;
				CLANG_ENABLE_OBJC_ARC = YES;
				CLANG_WARN_BLOCK_CAPTURE_AUTORELEASING = YES;
				CLANG_WARN_BOOL_CONVERSION = YES;
				CLANG_WARN_COMMA = YES;
				CLANG_WARN_CONSTANT_CONVERSION = YES;
				CLANG_WARN_DIRECT_OBJC_ISA_USAGE = YES_ERROR;
				CLANG_WARN_DOCUMENTATION_COMMENTS = YES;
				CLANG_WARN_EMPTY_BODY = YES;
				CLANG_WARN_ENUM_CONVERSION = YES;
				CLANG_WARN_INFINITE_RECURSION = YES;
				CLANG_WARN_INT_CONVERSION = YES;
				CLANG_WARN_NON_LITERAL_NULL_CONVERSION = YES;
				CLANG_WARN_OBJC_LITERAL_CONVERSION = YES;
				CLANG_WARN_OBJC_ROOT_CLASS = YES_ERROR;
				CLANG_WARN_RANGE_LOOP_ANALYSIS = YES;
				CLANG_WARN_STRICT_PROTOTYPES = YES;
				CLANG_WARN_SUSPICIOUS_MOVE = YES;
				CLANG_WARN_UNGUARDED_AVAILABILITY = YES_AGGRESSIVE;
				CLANG_WARN_UNREACHABLE_CODE = YES;
				CLANG_WARN__DUPLICATE_METHOD_MATCH = YES;
				CODE_SIGN_IDENTITY = "iPhone Developer";
				COPY_PHASE_STRIP = NO;
				DEBUG_INFORMATION_FORMAT = "dwarf-with-dsym";
				ENABLE_NS_ASSERTIONS = NO;
				ENABLE_STRICT_OBJC_MSGSEND = YES;
				GCC_C_LANGUAGE_STANDARD = gnu11;
				GCC_NO_COMMON_BLOCKS = YES;
				GCC_WARN_64_TO_32_BIT_CONVERSION = YES;
				GCC_WARN_ABOUT_RETURN_TYPE = YES_ERROR;
				GCC_WARN_UNDECLARED_SELECTOR = YES;
				GCC_WARN_UNINITIALIZED_AUTOS = YES_AGGRESSIVE;
				GCC_WARN_UNUSED_FUNCTION = YES;
				GCC_WARN_UNUSED_VARIABLE = YES;
				IPHONEOS_DEPLOYMENT_TARGET = 11.2;
				MTL_ENABLE_DEBUG_INFO = NO;
				SDKROOT = iphoneos;
				SWIFT_OPTIMIZATION_LEVEL = "-Owholemodule";
				VALIDATE_PRODUCT = YES;
			};
			name = Release;
		};
		59E6471520561A7700EFD54C /* Debug */ = {
			isa = XCBuildConfiguration;
			buildSettings = {
				ASSETCATALOG_COMPILER_APPICON_NAME = AppIcon;
				CODE_SIGN_STYLE = Automatic;
				DEVELOPMENT_TEAM = 3U5M63RLXB;
				INFOPLIST_FILE = RakutenRanking/Info.plist;
				LD_RUNPATH_SEARCH_PATHS = "$(inherited) @executable_path/Frameworks";
				PRODUCT_BUNDLE_IDENTIFIER = com.example.RakutenRanking;
				PRODUCT_NAME = "$(TARGET_NAME)";
				SWIFT_VERSION = 4.0;
				TARGETED_DEVICE_FAMILY = "1,2";
			};
			name = Debug;
		};
		59E6471620561A7700EFD54C /* Release */ = {
			isa = XCBuildConfiguration;
			buildSettings = {
				ASSETCATALOG_COMPILER_APPICON_NAME = AppIcon;
				CODE_SIGN_STYLE = Automatic;
				DEVELOPMENT_TEAM = 3U5M63RLXB;
				INFOPLIST_FILE = RakutenRanking/Info.plist;
				LD_RUNPATH_SEARCH_PATHS = "$(inherited) @executable_path/Frameworks";
				PRODUCT_BUNDLE_IDENTIFIER = com.example.RakutenRanking;
				PRODUCT_NAME = "$(TARGET_NAME)";
				SWIFT_VERSION = 4.0;
				TARGETED_DEVICE_FAMILY = "1,2";
			};
			name = Release;
		};
		59E6471820561A7700EFD54C /* Debug */ = {
			isa = XCBuildConfiguration;
			buildSettings = {
				ALWAYS_EMBED_SWIFT_STANDARD_LIBRARIES = YES;
				BUNDLE_LOADER = "$(TEST_HOST)";
				CODE_SIGN_STYLE = Automatic;
				DEVELOPMENT_TEAM = 3U5M63RLXB;
				INFOPLIST_FILE = RakutenRankingTests/Info.plist;
				LD_RUNPATH_SEARCH_PATHS = "$(inherited) @executable_path/Frameworks @loader_path/Frameworks";
				PRODUCT_BUNDLE_IDENTIFIER = com.example.RakutenRankingTests;
				PRODUCT_NAME = "$(TARGET_NAME)";
				SWIFT_VERSION = 4.0;
				TARGETED_DEVICE_FAMILY = "1,2";
				TEST_HOST = "$(BUILT_PRODUCTS_DIR)/RakutenRanking.app/RakutenRanking";
			};
			name = Debug;
		};
		59E6471920561A7700EFD54C /* Release */ = {
			isa = XCBuildConfiguration;
			buildSettings = {
				ALWAYS_EMBED_SWIFT_STANDARD_LIBRARIES = YES;
				BUNDLE_LOADER = "$(TEST_HOST)";
				CODE_SIGN_STYLE = Automatic;
				DEVELOPMENT_TEAM = 3U5M63RLXB;
				INFOPLIST_FILE = RakutenRankingTests/Info.plist;
				LD_RUNPATH_SEARCH_PATHS = "$(inherited) @executable_path/Frameworks @loader_path/Frameworks";
				PRODUCT_BUNDLE_IDENTIFIER = com.example.RakutenRankingTests;
				PRODUCT_NAME = "$(TARGET_NAME)";
				SWIFT_VERSION = 4.0;
				TARGETED_DEVICE_FAMILY = "1,2";
				TEST_HOST = "$(BUILT_PRODUCTS_DIR)/RakutenRanking.app/RakutenRanking";
			};
			name = Release;
		};
/* End XCBuildConfiguration section */

/* Begin XCConfigurationList section */
		59E646F220561A7700EFD54C /* Build configuration list for PBXProject "RakutenRanking" */ = {
			isa = XCConfigurationList;
			buildConfigurations = (
				59E6471220561A7700EFD54C /* Debug */,
				59E6471320561A7700EFD54C /* Release */,
			);
			defaultConfigurationIsVisible = 0;
			defaultConfigurationName = Release;
		};
		59E6471420561A7700EFD54C /* Build configuration list for PBXNativeTarget "RakutenRanking" */ = {
			isa = XCConfigurationList;
			buildConfigurations = (
				59E6471520561A7700EFD54C /* Debug */,
				59E6471620561A7700EFD54C /* Release */,
			);
			defaultConfigurationIsVisible = 0;
			defaultConfigurationName = Release;
		};
		59E6471720561A7700EFD54C /* Build configuration list for PBXNativeTarget "RakutenRankingTests" */ = {
			isa = XCConfigurationList;
			buildConfigurations = (
				59E6471820561A7700EFD54C /* Debug */,
				59E6471920561A7700EFD54C /* Release */,
			);
			defaultConfigurationIsVisible = 0;
			defaultConfigurationName = Release;
		};
/* End XCConfigurationList section */
	};
	rootObject = 59E646EF20561A7700EFD54C /* Project object */;
}
